
Microsoft Visual Studio Solution File, Format Version 12.00
# Visual Studio Version 17
VisualStudioVersion = 17.5.33516.290
MinimumVisualStudioVersion = 10.0.40219.1
Project("{FAE04EC0-301F-11D3-BF4B-00C04F79EFBC}") = "Question1", "Question1.csproj", "{395CAC29-1E14-47CF-80CF-4E7311322F2E}"
EndProject
Project("{FAE04EC0-301F-11D3-BF4B-00C04F79EFBC}") = "BookArray", "..\BookArray\BookArray.csproj", "{623B83B0-3A1D-447E-8657-15B37D9FF45F}"
EndProject
Global
	GlobalSection(SolutionConfigurationPlatforms) = preSolution
		Debug|Any CPU = Debug|Any CPU
		Release|Any CPU = Release|Any CPU
	EndGlobalSection
	GlobalSection(ProjectConfigurationPlatforms) = postSolution
		{395CAC29-1E14-47CF-80CF-4E7311322F2E}.Debug|Any CPU.ActiveCfg = Debug|Any CPU
		{395CAC29-1E14-47CF-80CF-4E7311322F2E}.Debug|Any CPU.Build.0 = Debug|Any CPU
		{395CAC29-1E14-47CF-80CF-4E7311322F2E}.Release|Any CPU.ActiveCfg = Release|Any CPU
		{395CAC29-1E14-47CF-80CF-4E7311322F2E}.Release|Any CPU.Build.0 = Release|Any CPU
		{623B83B0-3A1D-447E-8657-15B37D9FF45F}.Debug|Any CPU.ActiveCfg = Debug|Any CPU
		{623B83B0-3A1D-447E-8657-15B37D9FF45F}.Debug|Any CPU.Build.0 = Debug|Any CPU
		{623B83B0-3A1D-447E-8657-15B37D9FF45F}.Release|Any CPU.ActiveCfg = Release|Any CPU
		{623B83B0-3A1D-447E-8657-15B37D9FF45F}.Release|Any CPU.Build.0 = Release|Any CPU
	EndGlobalSection
	GlobalSection(SolutionProperties) = preSolution
		HideSolutionNode = FALSE
	EndGlobalSection
	GlobalSection(ExtensibilityGlobals) = postSolution
		SolutionGuid = {8797D7B0-D6FB-4D5D-9C73-6A44562F72B2}
	EndGlobalSection
EndGlobal
