
Microsoft Visual Studio Solution File, Format Version 12.00
# Visual Studio Version 17
VisualStudioVersion = 17.4.33205.214
MinimumVisualStudioVersion = 10.0.40219.1
Project("{FAE04EC0-301F-11D3-BF4B-00C04F79EFBC}") = "PresentationLayer", "PresentationLayer.csproj", "{1C23CF23-B1E1-44FA-AB59-3ACBB004F9E4}"
EndProject
Project("{FAE04EC0-301F-11D3-BF4B-00C04F79EFBC}") = "BusinessLayer", "..\BusinessLayer\BusinessLayer.csproj", "{4ACC3EDA-161F-4A2F-B38F-83C6BFA6E9C7}"
EndProject
Project("{FAE04EC0-301F-11D3-BF4B-00C04F79EFBC}") = "DataLayer", "..\DataLayer\DataLayer.csproj", "{C6D35E58-A260-4A70-85DB-BAE5B2037E87}"
EndProject
Global
	GlobalSection(SolutionConfigurationPlatforms) = preSolution
		Debug|Any CPU = Debug|Any CPU
		Release|Any CPU = Release|Any CPU
	EndGlobalSection
	GlobalSection(ProjectConfigurationPlatforms) = postSolution
		{1C23CF23-B1E1-44FA-AB59-3ACBB004F9E4}.Debug|Any CPU.ActiveCfg = Debug|Any CPU
		{1C23CF23-B1E1-44FA-AB59-3ACBB004F9E4}.Debug|Any CPU.Build.0 = Debug|Any CPU
		{1C23CF23-B1E1-44FA-AB59-3ACBB004F9E4}.Release|Any CPU.ActiveCfg = Release|Any CPU
		{1C23CF23-B1E1-44FA-AB59-3ACBB004F9E4}.Release|Any CPU.Build.0 = Release|Any CPU
		{4ACC3EDA-161F-4A2F-B38F-83C6BFA6E9C7}.Debug|Any CPU.ActiveCfg = Debug|Any CPU
		{4ACC3EDA-161F-4A2F-B38F-83C6BFA6E9C7}.Debug|Any CPU.Build.0 = Debug|Any CPU
		{4ACC3EDA-161F-4A2F-B38F-83C6BFA6E9C7}.Release|Any CPU.ActiveCfg = Release|Any CPU
		{4ACC3EDA-161F-4A2F-B38F-83C6BFA6E9C7}.Release|Any CPU.Build.0 = Release|Any CPU
		{C6D35E58-A260-4A70-85DB-BAE5B2037E87}.Debug|Any CPU.ActiveCfg = Debug|Any CPU
		{C6D35E58-A260-4A70-85DB-BAE5B2037E87}.Debug|Any CPU.Build.0 = Debug|Any CPU
		{C6D35E58-A260-4A70-85DB-BAE5B2037E87}.Release|Any CPU.ActiveCfg = Release|Any CPU
		{C6D35E58-A260-4A70-85DB-BAE5B2037E87}.Release|Any CPU.Build.0 = Release|Any CPU
	EndGlobalSection
	GlobalSection(SolutionProperties) = preSolution
		HideSolutionNode = FALSE
	EndGlobalSection
	GlobalSection(ExtensibilityGlobals) = postSolution
		SolutionGuid = {035C6AF3-045E-4BE2-BC17-DD3E6353FDE8}
	EndGlobalSection
EndGlobal
