
Microsoft Visual Studio Solution File, Format Version 12.00
# Visual Studio Version 17
VisualStudioVersion = 17.4.33205.214
MinimumVisualStudioVersion = 10.0.40219.1
Project("{FAE04EC0-301F-11D3-BF4B-00C04F79EFBC}") = "TUT2_Question4", "TUT2_Question4.csproj", "{7CD8CB64-6F03-41EF-8F86-9CA38F1211AC}"
EndProject
Global
	GlobalSection(SolutionConfigurationPlatforms) = preSolution
		Debug|Any CPU = Debug|Any CPU
		Release|Any CPU = Release|Any CPU
	EndGlobalSection
	GlobalSection(ProjectConfigurationPlatforms) = postSolution
		{7CD8CB64-6F03-41EF-8F86-9CA38F1211AC}.Debug|Any CPU.ActiveCfg = Debug|Any CPU
		{7CD8CB64-6F03-41EF-8F86-9CA38F1211AC}.Debug|Any CPU.Build.0 = Debug|Any CPU
		{7CD8CB64-6F03-41EF-8F86-9CA38F1211AC}.Release|Any CPU.ActiveCfg = Release|Any CPU
		{7CD8CB64-6F03-41EF-8F86-9CA38F1211AC}.Release|Any CPU.Build.0 = Release|Any CPU
	EndGlobalSection
	GlobalSection(SolutionProperties) = preSolution
		HideSolutionNode = FALSE
	EndGlobalSection
	GlobalSection(ExtensibilityGlobals) = postSolution
		SolutionGuid = {F87D7FEA-A2C7-4983-9707-795D7B1F75A3}
	EndGlobalSection
EndGlobal
